// !$*UTF8*$!
{
	archiveVersion = 1;
	classes = {
	};
	objectVersion = 77;
	objects = {

/* Begin PBXFileReference section */
		68B71B54A946B29C4A7A901A /* VitaLibre.app */ = {isa = PBXFileReference; explicitFileType = wrapper.application; includeInIndex = 0; path = VitaLibre.app; sourceTree = BUILT_PRODUCTS_DIR; };
/* End PBXFileReference section */

/* Begin PBXFileSystemSynchronizedRootGroup section */
		6F21109137AF70F383421A84 /* App */ = {isa = PBXFileSystemSynchronizedRootGroup; path = App; sourceTree = "<group>"; };
		01ECA09DA0C242239596B881 /* Core */ = {isa = PBXFileSystemSynchronizedRootGroup; path = Core; sourceTree = "<group>"; };
		531EC9110F7E584D624FF90C /* publisher */ = {isa = PBXFileSystemSynchronizedRootGroup; path = publisher; sourceTree = "<group>"; };
/* End PBXFileSystemSynchronizedRootGroup section */

/* Begin PBXFrameworksBuildPhase section */
		3DC938FD4168E97FD648E38E /* Frameworks */ = {
			isa = PBXFrameworksBuildPhase;
			buildActionMask = 2147483647;
			files = (
			);
			runOnlyForDeploymentPostprocessing = 0;
		};
/* End PBXFrameworksBuildPhase section */

/* Begin PBXGroup section */
		FDFA77BEE919F5A2735908CC = {
			isa = PBXGroup;
			children = (
				6F21109137AF70F383421A84 /* App */,
				01ECA09DA0C242239596B881 /* Core */,
				531EC9110F7E584D624FF90C /* publisher */,
				4E88B2806666194BBC1C2089 /* Products */,
			);
			sourceTree = "<group>";
		};
		4E88B2806666194BBC1C2089 /* Products */ = {
			isa = PBXGroup;
			children = (
				68B71B54A946B29C4A7A901A /* VitaLibre.app */,
			);
			name = Products;
			sourceTree = "<group>";
		};
/* End PBXGroup section */

/* Begin PBXNativeTarget section */
		4537AC49C7FBEFCB50561B5A /* VitaLibre */ = {
			isa = PBXNativeTarget;
			buildConfigurationList = D6DA19C2E06B9F6C78E48A9C /* Build configuration list for PBXNativeTarget "VitaLibre" */;
			buildPhases = (
				E28DF4A4DA1D17204CFA7392 /* Sources */,
				3DC938FD4168E97FD648E38E /* Frameworks */,
				30FB63C80E0D1CE763BDD80B /* Resources */,
			);
			buildRules = (
			);
			dependencies = (
			);
			fileSystemSynchronizedGroups = (
				6F21109137AF70F383421A84 /* App */,
				01ECA09DA0C242239596B881 /* Core */,
				531EC9110F7E584D624FF90C /* publisher */,
			);
			name = VitaLibre;
			packageProductDependencies = (
			);
			productName = VitaLibre;
			productReference = 68B71B54A946B29C4A7A901A /* VitaLibre.app */;
			productType = "com.apple.product-type.application";
		};
/* End PBXNativeTarget section */

/* Begin PBXProject section */
		694B70ED8555185D4A99B558 /* Project object */ = {
			isa = PBXProject;
			attributes = {
				BuildIndependentTargetsInParallel = 1;
				LastSwiftUpdateCheck = 2630;
				LastUpgradeCheck = 2630;
				TargetAttributes = {
					4537AC49C7FBEFCB50561B5A = {
						CreatedOnToolsVersion = 26.3;
					};
				};
			};
			buildConfigurationList = 55FD537F1809E5C0A695A7F5 /* Build configuration list for PBXProject "VitaLibre" */;
			developmentRegion = en;
			hasScannedForEncodings = 0;
			knownRegions = (
				en,
				Base,
			);
			mainGroup = FDFA77BEE919F5A2735908CC;
			minimizedProjectReferenceProperties = (
			);
			productRefGroup = 4E88B2806666194BBC1C2089 /* Products */;
			projectDirPath = "";
			projectRoot = "";
			targets = (
				4537AC49C7FBEFCB50561B5A /* VitaLibre */,
			);
		};
/* End PBXProject section */

/* Begin PBXResourcesBuildPhase section */
		30FB63C80E0D1CE763BDD80B /* Resources */ = {
			isa = PBXResourcesBuildPhase;
			buildActionMask = 2147483647;
			files = (
			);
			runOnlyForDeploymentPostprocessing = 0;
		};
/* End PBXResourcesBuildPhase section */

/* Begin PBXSourcesBuildPhase section */
		E28DF4A4DA1D17204CFA7392 /* Sources */ = {
			isa = PBXSourcesBuildPhase;
			buildActionMask = 2147483647;
			files = (
			);
			runOnlyForDeploymentPostprocessing = 0;
		};
/* End PBXSourcesBuildPhase section */

/* Begin XCBuildConfiguration section */
		695E8D38853317B969FFBC64 /* Debug */ = {
			isa = XCBuildConfiguration;
			buildSettings = {
				ALWAYS_SEARCH_USER_PATHS = NO;
				CLANG_ENABLE_MODULES = YES;
				CLANG_ENABLE_OBJC_ARC = YES;
				COPY_PHASE_STRIP = NO;
				DEBUG_INFORMATION_FORMAT = dwarf;
				ENABLE_STRICT_OBJC_MSGSEND = YES;
				ENABLE_TESTABILITY = YES;
				GCC_NO_COMMON_BLOCKS = YES;
				GCC_OPTIMIZATION_LEVEL = 0;
				GCC_PREPROCESSOR_DEFINITIONS = "DEBUG=1 $(inherited)";
				IPHONEOS_DEPLOYMENT_TARGET = 17.0;
				MTL_ENABLE_DEBUG_INFO = INCLUDE_SOURCE;
				MTL_FAST_MATH = YES;
				ONLY_ACTIVE_ARCH = YES;
				SDKROOT = iphoneos;
				SWIFT_ACTIVE_COMPILATION_CONDITIONS = DEBUG;
				SWIFT_OPTIMIZATION_LEVEL = "-Onone";
				SWIFT_VERSION = 5.0;
			};
			name = Debug;
		};
		0114E4DAB9A9D849066DB617 /* Release */ = {
			isa = XCBuildConfiguration;
			buildSettings = {
				ALWAYS_SEARCH_USER_PATHS = NO;
				CLANG_ENABLE_MODULES = YES;
				CLANG_ENABLE_OBJC_ARC = YES;
				COPY_PHASE_STRIP = NO;
				DEBUG_INFORMATION_FORMAT = "dwarf-with-dsym";
				ENABLE_NS_ASSERTIONS = NO;
				ENABLE_STRICT_OBJC_MSGSEND = YES;
				GCC_NO_COMMON_BLOCKS = YES;
				IPHONEOS_DEPLOYMENT_TARGET = 17.0;
				MTL_ENABLE_DEBUG_INFO = NO;
				MTL_FAST_MATH = YES;
				SDKROOT = iphoneos;
				SWIFT_COMPILATION_MODE = wholemodule;
				SWIFT_VERSION = 5.0;
				VALIDATE_PRODUCT = YES;
			};
			name = Release;
		};
		2705D524D6F318A6BA2C3CC9 /* Debug */ = {
			isa = XCBuildConfiguration;
			buildSettings = {
				ASSETCATALOG_COMPILER_APPICON_NAME = AppIcon;
				CODE_SIGN_STYLE = Automatic;
				CURRENT_PROJECT_VERSION = 1;
				ENABLE_PREVIEWS = YES;
				GENERATE_INFOPLIST_FILE = YES;
				INFOPLIST_KEY_CFBundleDisplayName = "VitaLibre";
				INFOPLIST_KEY_NSCameraUsageDescription = "VitaLibre uses the camera and flash to see the pulse in your fingertip. The images are processed on this device and never stored or sent anywhere.";
				INFOPLIST_KEY_UIApplicationSceneManifest_Generation = YES;
				INFOPLIST_KEY_UIApplicationSupportsIndirectInputEvents = YES;
				INFOPLIST_KEY_UILaunchScreen_Generation = YES;
				INFOPLIST_KEY_UISupportedInterfaceOrientations_iPhone = UIInterfaceOrientationPortrait;
				LD_RUNPATH_SEARCH_PATHS = "$(inherited) @executable_path/Frameworks";
				MARKETING_VERSION = 0.1.0;
				PRODUCT_BUNDLE_IDENTIFIER = nz.skull.vitalibre.claude;
				PRODUCT_NAME = "$(TARGET_NAME)";
				SUPPORTED_PLATFORMS = "iphoneos iphonesimulator";
				SWIFT_EMIT_LOC_STRINGS = YES;
				TARGETED_DEVICE_FAMILY = 1;
			};
			name = Debug;
		};
		E95939C2365B91A7158048AB /* Release */ = {
			isa = XCBuildConfiguration;
			buildSettings = {
				ASSETCATALOG_COMPILER_APPICON_NAME = AppIcon;
				CODE_SIGN_STYLE = Automatic;
				CURRENT_PROJECT_VERSION = 1;
				ENABLE_PREVIEWS = YES;
				GENERATE_INFOPLIST_FILE = YES;
				INFOPLIST_KEY_CFBundleDisplayName = "VitaLibre";
				INFOPLIST_KEY_NSCameraUsageDescription = "VitaLibre uses the camera and flash to see the pulse in your fingertip. The images are processed on this device and never stored or sent anywhere.";
				INFOPLIST_KEY_UIApplicationSceneManifest_Generation = YES;
				INFOPLIST_KEY_UIApplicationSupportsIndirectInputEvents = YES;
				INFOPLIST_KEY_UILaunchScreen_Generation = YES;
				INFOPLIST_KEY_UISupportedInterfaceOrientations_iPhone = UIInterfaceOrientationPortrait;
				LD_RUNPATH_SEARCH_PATHS = "$(inherited) @executable_path/Frameworks";
				MARKETING_VERSION = 0.1.0;
				PRODUCT_BUNDLE_IDENTIFIER = nz.skull.vitalibre.claude;
				PRODUCT_NAME = "$(TARGET_NAME)";
				SUPPORTED_PLATFORMS = "iphoneos iphonesimulator";
				SWIFT_EMIT_LOC_STRINGS = YES;
				TARGETED_DEVICE_FAMILY = 1;
			};
			name = Release;
		};
/* End XCBuildConfiguration section */

/* Begin XCConfigurationList section */
		55FD537F1809E5C0A695A7F5 /* Build configuration list for PBXProject "VitaLibre" */ = {
			isa = XCConfigurationList;
			buildConfigurations = (
				695E8D38853317B969FFBC64 /* Debug */,
				0114E4DAB9A9D849066DB617 /* Release */,
			);
			defaultConfigurationIsVisible = 0;
			defaultConfigurationName = Release;
		};
		D6DA19C2E06B9F6C78E48A9C /* Build configuration list for PBXNativeTarget "VitaLibre" */ = {
			isa = XCConfigurationList;
			buildConfigurations = (
				2705D524D6F318A6BA2C3CC9 /* Debug */,
				E95939C2365B91A7158048AB /* Release */,
			);
			defaultConfigurationIsVisible = 0;
			defaultConfigurationName = Release;
		};
/* End XCConfigurationList section */
	};
	rootObject = 694B70ED8555185D4A99B558 /* Project object */;
}
